
Microsoft Visual Studio Solution File, Format Version 12.00
# Visual Studio Version 16
VisualStudioVersion = 16.0.32002.261
MinimumVisualStudioVersion = 10.0.40219.1
Project("{FAE04EC0-301F-11D3-BF4B-00C04F79EFBC}") = "Gitcheck", "Gitcheck.csproj", "{14D69AA8-A820-4CBB-B94B-462E02CBCFBF}"
EndProject
Global
	GlobalSection(SolutionConfigurationPlatforms) = preSolution
		Debug|Any CPU = Debug|Any CPU
		Release|Any CPU = Release|Any CPU
	EndGlobalSection
	GlobalSection(ProjectConfigurationPlatforms) = postSolution
		{14D69AA8-A820-4CBB-B94B-462E02CBCFBF}.Debug|Any CPU.ActiveCfg = Debug|Any CPU
		{14D69AA8-A820-4CBB-B94B-462E02CBCFBF}.Debug|Any CPU.Build.0 = Debug|Any CPU
		{14D69AA8-A820-4CBB-B94B-462E02CBCFBF}.Release|Any CPU.ActiveCfg = Release|Any CPU
		{14D69AA8-A820-4CBB-B94B-462E02CBCFBF}.Release|Any CPU.Build.0 = Release|Any CPU
	EndGlobalSection
	GlobalSection(SolutionProperties) = preSolution
		HideSolutionNode = FALSE
	EndGlobalSection
	GlobalSection(ExtensibilityGlobals) = postSolution
		SolutionGuid = {3F2B3D2D-DBB5-42AC-8F73-488EC0F9719A}
	EndGlobalSection
EndGlobal
